Microsoft Visual Studio Solution File, Format Version 12.00
# Visual Studio Version 17
VisualStudioVersion = 17.5.2.0
MinimumVisualStudioVersion = 10.0.40219.1
Project("{FAE04EC0-301F-11D3-BF4B-00C04F79EFBC}") = "GmailManager.Api", "GmailManager.Api\GmailManager.Api.csproj", "{B88526B9-795C-6CEB-B261-439E3F6FF914}"
EndProject
Global
	GlobalSection(SolutionConfigurationPlatforms) = preSolution
		Debug|Any CPU = Debug|Any CPU
		Release|Any CPU = Release|Any CPU
	EndGlobalSection
	GlobalSection(ProjectConfigurationPlatforms) = postSolution
		{B88526B9-795C-6CEB-B261-439E3F6FF914}.Debug|Any CPU.ActiveCfg = Debug|Any CPU
		{B88526B9-795C-6CEB-B261-439E3F6FF914}.Debug|Any CPU.Build.0 = Debug|Any CPU
		{B88526B9-795C-6CEB-B261-439E3F6FF914}.Release|Any CPU.ActiveCfg = Release|Any CPU
		{B88526B9-795C-6CEB-B261-439E3F6FF914}.Release|Any CPU.Build.0 = Release|Any CPU
	EndGlobalSection
	GlobalSection(SolutionProperties) = preSolution
		HideSolutionNode = FALSE
	EndGlobalSection
	GlobalSection(ExtensibilityGlobals) = postSolution
		SolutionGuid = {AFB7DB68-9C5C-49C2-B2CC-03CCE7983024}
	EndGlobalSection
EndGlobal
